// !$*UTF8*$!
{
	archiveVersion = 1;
	classes = {
	};
	objectVersion = 46;
	objects = {

/* Begin PBXBuildFile section */
		D0A4300E1D5FC545000EAF20 /* AppDelegate.swift in Sources */ = {isa = PBXBuildFile; fileRef = D0A4300D1D5FC545000EAF20 /* AppDelegate.swift */; };
		D0A430101D5FC545000EAF20 /* ViewController.swift in Sources */ = {isa = PBXBuildFile; fileRef = D0A4300F1D5FC545000EAF20 /* ViewController.swift */; };
		D0A430131D5FC545000EAF20 /* Main.storyboard in Resources */ = {isa = PBXBuildFile; fileRef = D0A430111D5FC545000EAF20 /* Main.storyboard */; };
		D0A430181D5FC545000EAF20 /* LaunchScreen.storyboard in Resources */ = {isa = PBXBuildFile; fileRef = D0A430161D5FC545000EAF20 /* LaunchScreen.storyboard */; };
		D0A430231D5FC545000EAF20 /* DecibelTests.swift in Sources */ = {isa = PBXBuildFile; fileRef = D0A430221D5FC545000EAF20 /* DecibelTests.swift */; };
		D0A4302E1D5FC545000EAF20 /* DecibelUITests.swift in Sources */ = {isa = PBXBuildFile; fileRef = D0A4302D1D5FC545000EAF20 /* DecibelUITests.swift */; };
		D0A4303C1D5FEA15000EAF20 /* Assets.xcassets in Resources */ = {isa = PBXBuildFile; fileRef = D0A4303B1D5FEA15000EAF20 /* Assets.xcassets */; };
/* End PBXBuildFile section */

/* Begin PBXContainerItemProxy section */
		D0A4301F1D5FC545000EAF20 /* PBXContainerItemProxy */ = {
			isa = PBXContainerItemProxy;
			containerPortal = D0A430021D5FC544000EAF20 /* Project object */;
			proxyType = 1;
			remoteGlobalIDString = D0A430091D5FC545000EAF20;
			remoteInfo = Decibel;
		};
		D0A4302A1D5FC545000EAF20 /* PBXContainerItemProxy */ = {
			isa = PBXContainerItemProxy;
			containerPortal = D0A430021D5FC544000EAF20 /* Project object */;
			proxyType = 1;
			remoteGlobalIDString = D0A430091D5FC545000EAF20;
			remoteInfo = Decibel;
		};
/* End PBXContainerItemProxy section */

/* Begin PBXFileReference section */
		D0A4300A1D5FC545000EAF20 /* Decibel.app */ = {isa = PBXFileReference; explicitFileType = wrapper.application; includeInIndex = 0; path = Decibel.app; sourceTree = BUILT_PRODUCTS_DIR; };
		D0A4300D1D5FC545000EAF20 /* AppDelegate.swift */ = {isa = PBXFileReference; lastKnownFileType = sourcecode.swift; path = AppDelegate.swift; sourceTree = "<group>"; };
		D0A4300F1D5FC545000EAF20 /* ViewController.swift */ = {isa = PBXFileReference; lastKnownFileType = sourcecode.swift; path = ViewController.swift; sourceTree = "<group>"; };
		D0A430121D5FC545000EAF20 /* Base */ = {isa = PBXFileReference; lastKnownFileType = file.storyboard; name = Base; path = Base.lproj/Main.storyboard; sourceTree = "<group>"; };
		D0A430171D5FC545000EAF20 /* Base */ = {isa = PBXFileReference; lastKnownFileType = file.storyboard; name = Base; path = Base.lproj/LaunchScreen.storyboard; sourceTree = "<group>"; };
		D0A430191D5FC545000EAF20 /* Info.plist */ = {isa = PBXFileReference; lastKnownFileType = text.plist.xml; path = Info.plist; sourceTree = "<group>"; };
		D0A4301E1D5FC545000EAF20 /* DecibelTests.xctest */ = {isa = PBXFileReference; explicitFileType = wrapper.cfbundle; includeInIndex = 0; path = DecibelTests.xctest; sourceTree = BUILT_PRODUCTS_DIR; };
		D0A430221D5FC545000EAF20 /* DecibelTests.swift */ = {isa = PBXFileReference; lastKnownFileType = sourcecode.swift; path = DecibelTests.swift; sourceTree = "<group>"; };
		D0A430241D5FC545000EAF20 /* Info.plist */ = {isa = PBXFileReference; lastKnownFileType = text.plist.xml; path = Info.plist; sourceTree = "<group>"; };
		D0A430291D5FC545000EAF20 /* DecibelUITests.xctest */ = {isa = PBXFileReference; explicitFileType = wrapper.cfbundle; includeInIndex = 0; path = DecibelUITests.xctest; sourceTree = BUILT_PRODUCTS_DIR; };
		D0A4302D1D5FC545000EAF20 /* DecibelUITests.swift */ = {isa = PBXFileReference; lastKnownFileType = sourcecode.swift; path = DecibelUITests.swift; sourceTree = "<group>"; };
		D0A4302F1D5FC545000EAF20 /* Info.plist */ = {isa = PBXFileReference; lastKnownFileType = text.plist.xml; path = Info.plist; sourceTree = "<group>"; };
		D0A4303B1D5FEA15000EAF20 /* Assets.xcassets */ = {isa = PBXFileReference; lastKnownFileType = folder.assetcatalog; path = Assets.xcassets; sourceTree = "<group>"; };
/* End PBXFileReference section */

/* Begin PBXFrameworksBuildPhase section */
		D0A430071D5FC545000EAF20 /* Frameworks */ = {
			isa = PBXFrameworksBuildPhase;
			buildActionMask = 2147483647;
			files = (
			);
			runOnlyForDeploymentPostprocessing = 0;
		};
		D0A4301B1D5FC545000EAF20 /* Frameworks */ = {
			isa = PBXFrameworksBuildPhase;
			buildActionMask = 2147483647;
			files = (
			);
			runOnlyForDeploymentPostprocessing = 0;
		};
		D0A430261D5FC545000EAF20 /* Frameworks */ = {
			isa = PBXFrameworksBuildPhase;
			buildActionMask = 2147483647;
			files = (
			);
			runOnlyForDeploymentPostprocessing = 0;
		};
/* End PBXFrameworksBuildPhase section */

/* Begin PBXGroup section */
		D0A430011D5FC544000EAF20 = {
			isa = PBXGroup;
			children = (
				D0A4300C1D5FC545000EAF20 /* Decibel */,
				D0A430211D5FC545000EAF20 /* DecibelTests */,
				D0A4302C1D5FC545000EAF20 /* DecibelUITests */,
				D0A4300B1D5FC545000EAF20 /* Products */,
			);
			sourceTree = "<group>";
		};
		D0A4300B1D5FC545000EAF20 /* Products */ = {
			isa = PBXGroup;
			children = (
				D0A4300A1D5FC545000EAF20 /* Decibel.app */,
				D0A4301E1D5FC545000EAF20 /* DecibelTests.xctest */,
				D0A430291D5FC545000EAF20 /* DecibelUITests.xctest */,
			);
			name = Products;
			sourceTree = "<group>";
		};
		D0A4300C1D5FC545000EAF20 /* Decibel */ = {
			isa = PBXGroup;
			children = (
				D0A4300D1D5FC545000EAF20 /* AppDelegate.swift */,
				D0A4300F1D5FC545000EAF20 /* ViewController.swift */,
				D0A430111D5FC545000EAF20 /* Main.storyboard */,
				D0A4303B1D5FEA15000EAF20 /* Assets.xcassets */,
				D0A430161D5FC545000EAF20 /* LaunchScreen.storyboard */,
				D0A430191D5FC545000EAF20 /* Info.plist */,
			);
			path = Decibel;
			sourceTree = "<group>";
		};
		D0A430211D5FC545000EAF20 /* DecibelTests */ = {
			isa = PBXGroup;
			children = (
				D0A430221D5FC545000EAF20 /* DecibelTests.swift */,
				D0A430241D5FC545000EAF20 /* Info.plist */,
			);
			path = DecibelTests;
			sourceTree = "<group>";
		};
		D0A4302C1D5FC545000EAF20 /* DecibelUITests */ = {
			isa = PBXGroup;
			children = (
				D0A4302D1D5FC545000EAF20 /* DecibelUITests.swift */,
				D0A4302F1D5FC545000EAF20 /* Info.plist */,
			);
			path = DecibelUITests;
			sourceTree = "<group>";
		};
/* End PBXGroup section */

/* Begin PBXNativeTarget section */
		D0A430091D5FC545000EAF20 /* Decibel */ = {
			isa = PBXNativeTarget;
			buildConfigurationList = D0A430321D5FC545000EAF20 /* Build configuration list for PBXNativeTarget "Decibel" */;
			buildPhases = (
				D0A430061D5FC545000EAF20 /* Sources */,
				D0A430071D5FC545000EAF20 /* Frameworks */,
				D0A430081D5FC545000EAF20 /* Resources */,
			);
			buildRules = (
			);
			dependencies = (
			);
			name = Decibel;
			productName = Decibel;
			productReference = D0A4300A1D5FC545000EAF20 /* Decibel.app */;
			productType = "com.apple.product-type.application";
		};
		D0A4301D1D5FC545000EAF20 /* DecibelTests */ = {
			isa = PBXNativeTarget;
			buildConfigurationList = D0A430351D5FC545000EAF20 /* Build configuration list for PBXNativeTarget "DecibelTests" */;
			buildPhases = (
				D0A4301A1D5FC545000EAF20 /* Sources */,
				D0A4301B1D5FC545000EAF20 /* Frameworks */,
				D0A4301C1D5FC545000EAF20 /* Resources */,
			);
			buildRules = (
			);
			dependencies = (
				D0A430201D5FC545000EAF20 /* PBXTargetDependency */,
			);
			name = DecibelTests;
			productName = DecibelTests;
			productReference = D0A4301E1D5FC545000EAF20 /* DecibelTests.xctest */;
			productType = "com.apple.product-type.bundle.unit-test";
		};
		D0A430281D5FC545000EAF20 /* DecibelUITests */ = {
			isa = PBXNativeTarget;
			buildConfigurationList = D0A430381D5FC545000EAF20 /* Build configuration list for PBXNativeTarget "DecibelUITests" */;
			buildPhases = (
				D0A430251D5FC545000EAF20 /* Sources */,
				D0A430261D5FC545000EAF20 /* Frameworks */,
				D0A430271D5FC545000EAF20 /* Resources */,
			);
			buildRules = (
			);
			dependencies = (
				D0A4302B1D5FC545000EAF20 /* PBXTargetDependency */,
			);
			name = DecibelUITests;
			productName = DecibelUITests;
			productReference = D0A430291D5FC545000EAF20 /* DecibelUITests.xctest */;
			productType = "com.apple.product-type.bundle.ui-testing";
		};
/* End PBXNativeTarget section */

/* Begin PBXProject section */
		D0A430021D5FC544000EAF20 /* Project object */ = {
			isa = PBXProject;
			attributes = {
				LastSwiftUpdateCheck = 0730;
				LastUpgradeCheck = 0800;
				ORGANIZATIONNAME = "Peter Reinhardt";
				TargetAttributes = {
					D0A430091D5FC545000EAF20 = {
						CreatedOnToolsVersion = 7.3.1;
						DevelopmentTeam = 42TU4CB22M;
						LastSwiftMigration = 0800;
						SystemCapabilities = {
							com.apple.BackgroundModes = {
								enabled = 1;
							};
						};
					};
					D0A4301D1D5FC545000EAF20 = {
						CreatedOnToolsVersion = 7.3.1;
						LastSwiftMigration = 0800;
						TestTargetID = D0A430091D5FC545000EAF20;
					};
					D0A430281D5FC545000EAF20 = {
						CreatedOnToolsVersion = 7.3.1;
						LastSwiftMigration = 0800;
						TestTargetID = D0A430091D5FC545000EAF20;
					};
				};
			};
			buildConfigurationList = D0A430051D5FC545000EAF20 /* Build configuration list for PBXProject "Decibel" */;
			compatibilityVersion = "Xcode 3.2";
			developmentRegion = English;
			hasScannedForEncodings = 0;
			knownRegions = (
				en,
				Base,
			);
			mainGroup = D0A430011D5FC544000EAF20;
			productRefGroup = D0A4300B1D5FC545000EAF20 /* Products */;
			projectDirPath = "";
			projectRoot = "";
			targets = (
				D0A430091D5FC545000EAF20 /* Decibel */,
				D0A4301D1D5FC545000EAF20 /* DecibelTests */,
				D0A430281D5FC545000EAF20 /* DecibelUITests */,
			);
		};
/* End PBXProject section */

/* Begin PBXResourcesBuildPhase section */
		D0A430081D5FC545000EAF20 /* Resources */ = {
			isa = PBXResourcesBuildPhase;
			buildActionMask = 2147483647;
			files = (
				D0A430181D5FC545000EAF20 /* LaunchScreen.storyboard in Resources */,
				D0A4303C1D5FEA15000EAF20 /* Assets.xcassets in Resources */,
				D0A430131D5FC545000EAF20 /* Main.storyboard in Resources */,
			);
			runOnlyForDeploymentPostprocessing = 0;
		};
		D0A4301C1D5FC545000EAF20 /* Resources */ = {
			isa = PBXResourcesBuildPhase;
			buildActionMask = 2147483647;
			files = (
			);
			runOnlyForDeploymentPostprocessing = 0;
		};
		D0A430271D5FC545000EAF20 /* Resources */ = {
			isa = PBXResourcesBuildPhase;
			buildActionMask = 2147483647;
			files = (
			);
			runOnlyForDeploymentPostprocessing = 0;
		};
/* End PBXResourcesBuildPhase section */

/* Begin PBXSourcesBuildPhase section */
		D0A430061D5FC545000EAF20 /* Sources */ = {
			isa = PBXSourcesBuildPhase;
			buildActionMask = 2147483647;
			files = (
				D0A430101D5FC545000EAF20 /* ViewController.swift in Sources */,
				D0A4300E1D5FC545000EAF20 /* AppDelegate.swift in Sources */,
			);
			runOnlyForDeploymentPostprocessing = 0;
		};
		D0A4301A1D5FC545000EAF20 /* Sources */ = {
			isa = PBXSourcesBuildPhase;
			buildActionMask = 2147483647;
			files = (
				D0A430231D5FC545000EAF20 /* DecibelTests.swift in Sources */,
			);
			runOnlyForDeploymentPostprocessing = 0;
		};
		D0A430251D5FC545000EAF20 /* Sources */ = {
			isa = PBXSourcesBuildPhase;
			buildActionMask = 2147483647;
			files = (
				D0A4302E1D5FC545000EAF20 /* DecibelUITests.swift in Sources */,
			);
			runOnlyForDeploymentPostprocessing = 0;
		};
/* End PBXSourcesBuildPhase section */

/* Begin PBXTargetDependency section */
		D0A430201D5FC545000EAF20 /* PBXTargetDependency */ = {
			isa = PBXTargetDependency;
			target = D0A430091D5FC545000EAF20 /* Decibel */;
			targetProxy = D0A4301F1D5FC545000EAF20 /* PBXContainerItemProxy */;
		};
		D0A4302B1D5FC545000EAF20 /* PBXTargetDependency */ = {
			isa = PBXTargetDependency;
			target = D0A430091D5FC545000EAF20 /* Decibel */;
			targetProxy = D0A4302A1D5FC545000EAF20 /* PBXContainerItemProxy */;
		};
/* End PBXTargetDependency section */

/* Begin PBXVariantGroup section */
		D0A430111D5FC545000EAF20 /* Main.storyboard */ = {
			isa = PBXVariantGroup;
			children = (
				D0A430121D5FC545000EAF20 /* Base */,
			);
			name = Main.storyboard;
			sourceTree = "<group>";
		};
		D0A430161D5FC545000EAF20 /* LaunchScreen.storyboard */ = {
			isa = PBXVariantGroup;
			children = (
				D0A430171D5FC545000EAF20 /* Base */,
			);
			name = LaunchScreen.storyboard;
			sourceTree = "<group>";
		};
/* End PBXVariantGroup section */

/* Begin XCBuildConfiguration section */
		D0A430301D5FC545000EAF20 /* Debug */ = {
			isa = XCBuildConfiguration;
			buildSettings = {
				ALWAYS_SEARCH_USER_PATHS = NO;
				CLANG_ANALYZER_NONNULL = YES;
				CLANG_CXX_LANGUAGE_STANDARD = "gnu++0x";
				CLANG_CXX_LIBRARY = "libc++";
				CLANG_ENABLE_MODULES = YES;
				CLANG_ENABLE_OBJC_ARC = YES;
				CLANG_WARN_BOOL_CONVERSION = YES;
				CLANG_WARN_CONSTANT_CONVERSION = YES;
				CLANG_WARN_DIRECT_OBJC_ISA_USAGE = YES_ERROR;
				CLANG_WARN_EMPTY_BODY = YES;
				CLANG_WARN_ENUM_CONVERSION = YES;
				CLANG_WARN_INFINITE_RECURSION = YES;
				CLANG_WARN_INT_CONVERSION = YES;
				CLANG_WARN_OBJC_ROOT_CLASS = YES_ERROR;
				CLANG_WARN_SUSPICIOUS_MOVE = YES;
				CLANG_WARN_UNREACHABLE_CODE = YES;
				CLANG_WARN__DUPLICATE_METHOD_MATCH = YES;
				"CODE_SIGN_IDENTITY[sdk=iphoneos*]" = "iPhone Developer";
				COPY_PHASE_STRIP = NO;
				DEBUG_INFORMATION_FORMAT = dwarf;
				ENABLE_STRICT_OBJC_MSGSEND = YES;
				ENABLE_TESTABILITY = YES;
				GCC_C_LANGUAGE_STANDARD = gnu99;
				GCC_DYNAMIC_NO_PIC = NO;
				GCC_NO_COMMON_BLOCKS = YES;
				GCC_OPTIMIZATION_LEVEL = 0;
				GCC_PREPROCESSOR_DEFINITIONS = (
					"DEBUG=1",
					"$(inherited)",
				);
				GCC_WARN_64_TO_32_BIT_CONVERSION = YES;
				GCC_WARN_ABOUT_RETURN_TYPE = YES_ERROR;
				GCC_WARN_UNDECLARED_SELECTOR = YES;
				GCC_WARN_UNINITIALIZED_AUTOS = YES_AGGRESSIVE;
				GCC_WARN_UNUSED_FUNCTION = YES;
				GCC_WARN_UNUSED_VARIABLE = YES;
				IPHONEOS_DEPLOYMENT_TARGET = 9.3;
				MTL_ENABLE_DEBUG_INFO = YES;
				ONLY_ACTIVE_ARCH = YES;
				SDKROOT = iphoneos;
				SWIFT_OPTIMIZATION_LEVEL = "-Onone";
			};
			name = Debug;
		};
		D0A430311D5FC545000EAF20 /* Release */ = {
			isa = XCBuildConfiguration;
			buildSettings = {
				ALWAYS_SEARCH_USER_PATHS = NO;
				CLANG_ANALYZER_NONNULL = YES;
				CLANG_CXX_LANGUAGE_STANDARD = "gnu++0x";
				CLANG_CXX_LIBRARY = "libc++";
				CLANG_ENABLE_MODULES = YES;
				CLANG_ENABLE_OBJC_ARC = YES;
				CLANG_WARN_BOOL_CONVERSION = YES;
				CLANG_WARN_CONSTANT_CONVERSION = YES;
				CLANG_WARN_DIRECT_OBJC_ISA_USAGE = YES_ERROR;
				CLANG_WARN_EMPTY_BODY = YES;
				CLANG_WARN_ENUM_CONVERSION = YES;
				CLANG_WARN_INFINITE_RECURSION = YES;
				CLANG_WARN_INT_CONVERSION = YES;
				CLANG_WARN_OBJC_ROOT_CLASS = YES_ERROR;
				CLANG_WARN_SUSPICIOUS_MOVE = YES;
				CLANG_WARN_UNREACHABLE_CODE = YES;
				CLANG_WARN__DUPLICATE_METHOD_MATCH = YES;
				"CODE_SIGN_IDENTITY[sdk=iphoneos*]" = "iPhone Developer";
				COPY_PHASE_STRIP = NO;
				DEBUG_INFORMATION_FORMAT = "dwarf-with-dsym";
				ENABLE_NS_ASSERTIONS = NO;
				ENABLE_STRICT_OBJC_MSGSEND = YES;
				GCC_C_LANGUAGE_STANDARD = gnu99;
				GCC_NO_COMMON_BLOCKS = YES;
				GCC_WARN_64_TO_32_BIT_CONVERSION = YES;
				GCC_WARN_ABOUT_RETURN_TYPE = YES_ERROR;
				GCC_WARN_UNDECLARED_SELECTOR = YES;
				GCC_WARN_UNINITIALIZED_AUTOS = YES_AGGRESSIVE;
				GCC_WARN_UNUSED_FUNCTION = YES;
				GCC_WARN_UNUSED_VARIABLE = YES;
				IPHONEOS_DEPLOYMENT_TARGET = 9.3;
				MTL_ENABLE_DEBUG_INFO = NO;
				SDKROOT = iphoneos;
				SWIFT_OPTIMIZATION_LEVEL = "-Owholemodule";
				VALIDATE_PRODUCT = YES;
			};
			name = Release;
		};
		D0A430331D5FC545000EAF20 /* Debug */ = {
			isa = XCBuildConfiguration;
			buildSettings = {
				ASSETCATALOG_COMPILER_APPICON_NAME = AppIcon;
				CODE_SIGN_IDENTITY = "iPhone Developer";
				"CODE_SIGN_IDENTITY[sdk=iphoneos*]" = "iPhone Developer";
				INFOPLIST_FILE = Decibel/Info.plist;
				IPHONEOS_DEPLOYMENT_TARGET = 8.4;
				LD_RUNPATH_SEARCH_PATHS = "$(inherited) @executable_path/Frameworks";
				PRODUCT_BUNDLE_IDENTIFIER = pk.rein.Decibel;
				PRODUCT_NAME = "$(TARGET_NAME)";
				PROVISIONING_PROFILE = "";
				SWIFT_VERSION = 3.0;
			};
			name = Debug;
		};
		D0A430341D5FC545000EAF20 /* Release */ = {
			isa = XCBuildConfiguration;
			buildSettings = {
				ASSETCATALOG_COMPILER_APPICON_NAME = AppIcon;
				CODE_SIGN_IDENTITY = "iPhone Developer";
				"CODE_SIGN_IDENTITY[sdk=iphoneos*]" = "iPhone Developer";
				INFOPLIST_FILE = Decibel/Info.plist;
				IPHONEOS_DEPLOYMENT_TARGET = 8.4;
				LD_RUNPATH_SEARCH_PATHS = "$(inherited) @executable_path/Frameworks";
				PRODUCT_BUNDLE_IDENTIFIER = pk.rein.Decibel;
				PRODUCT_NAME = "$(TARGET_NAME)";
				PROVISIONING_PROFILE = "";
				SWIFT_VERSION = 3.0;
			};
			name = Release;
		};
		D0A430361D5FC545000EAF20 /* Debug */ = {
			isa = XCBuildConfiguration;
			buildSettings = {
				BUNDLE_LOADER = "$(TEST_HOST)";
				INFOPLIST_FILE = DecibelTests/Info.plist;
				LD_RUNPATH_SEARCH_PATHS = "$(inherited) @executable_path/Frameworks @loader_path/Frameworks";
				PRODUCT_BUNDLE_IDENTIFIER = pk.rein.DecibelTests;
				PRODUCT_NAME = "$(TARGET_NAME)";
				SWIFT_VERSION = 3.0;
				TEST_HOST = "$(BUILT_PRODUCTS_DIR)/Decibel.app/Decibel";
			};
			name = Debug;
		};
		D0A430371D5FC545000EAF20 /* Release */ = {
			isa = XCBuildConfiguration;
			buildSettings = {
				BUNDLE_LOADER = "$(TEST_HOST)";
				INFOPLIST_FILE = DecibelTests/Info.plist;
				LD_RUNPATH_SEARCH_PATHS = "$(inherited) @executable_path/Frameworks @loader_path/Frameworks";
				PRODUCT_BUNDLE_IDENTIFIER = pk.rein.DecibelTests;
				PRODUCT_NAME = "$(TARGET_NAME)";
				SWIFT_VERSION = 3.0;
				TEST_HOST = "$(BUILT_PRODUCTS_DIR)/Decibel.app/Decibel";
			};
			name = Release;
		};
		D0A430391D5FC545000EAF20 /* Debug */ = {
			isa = XCBuildConfiguration;
			buildSettings = {
				INFOPLIST_FILE = DecibelUITests/Info.plist;
				LD_RUNPATH_SEARCH_PATHS = "$(inherited) @executable_path/Frameworks @loader_path/Frameworks";
				PRODUCT_BUNDLE_IDENTIFIER = pk.rein.DecibelUITests;
				PRODUCT_NAME = "$(TARGET_NAME)";
				SWIFT_VERSION = 3.0;
				TEST_TARGET_NAME = Decibel;
			};
			name = Debug;
		};
		D0A4303A1D5FC545000EAF20 /* Release */ = {
			isa = XCBuildConfiguration;
			buildSettings = {
				INFOPLIST_FILE = DecibelUITests/Info.plist;
				LD_RUNPATH_SEARCH_PATHS = "$(inherited) @executable_path/Frameworks @loader_path/Frameworks";
				PRODUCT_BUNDLE_IDENTIFIER = pk.rein.DecibelUITests;
				PRODUCT_NAME = "$(TARGET_NAME)";
				SWIFT_VERSION = 3.0;
				TEST_TARGET_NAME = Decibel;
			};
			name = Release;
		};
/* End XCBuildConfiguration section */

/* Begin XCConfigurationList section */
		D0A430051D5FC545000EAF20 /* Build configuration list for PBXProject "Decibel" */ = {
			isa = XCConfigurationList;
			buildConfigurations = (
				D0A430301D5FC545000EAF20 /* Debug */,
				D0A430311D5FC545000EAF20 /* Release */,
			);
			defaultConfigurationIsVisible = 0;
			defaultConfigurationName = Release;
		};
		D0A430321D5FC545000EAF20 /* Build configuration list for PBXNativeTarget "Decibel" */ = {
			isa = XCConfigurationList;
			buildConfigurations = (
				D0A430331D5FC545000EAF20 /* Debug */,
				D0A430341D5FC545000EAF20 /* Release */,
			);
			defaultConfigurationIsVisible = 0;
			defaultConfigurationName = Release;
		};
		D0A430351D5FC545000EAF20 /* Build configuration list for PBXNativeTarget "DecibelTests" */ = {
			isa = XCConfigurationList;
			buildConfigurations = (
				D0A430361D5FC545000EAF20 /* Debug */,
				D0A430371D5FC545000EAF20 /* Release */,
			);
			defaultConfigurationIsVisible = 0;
			defaultConfigurationName = Release;
		};
		D0A430381D5FC545000EAF20 /* Build configuration list for PBXNativeTarget "DecibelUITests" */ = {
			isa = XCConfigurationList;
			buildConfigurations = (
				D0A430391D5FC545000EAF20 /* Debug */,
				D0A4303A1D5FC545000EAF20 /* Release */,
			);
			defaultConfigurationIsVisible = 0;
			defaultConfigurationName = Release;
		};
/* End XCConfigurationList section */
	};
	rootObject = D0A430021D5FC544000EAF20 /* Project object */;
}
